
Microsoft Visual Studio Solution File, Format Version 12.00
# Visual Studio Version 17
VisualStudioVersion = 17.8.34408.163
MinimumVisualStudioVersion = 10.0.40219.1
Project("{FAE04EC0-301F-11D3-BF4B-00C04F79EFBC}") = "413-mission-2", "413-mission-2.csproj", "{72487D1B-49B5-4271-B789-DA2E5A5164FC}"
EndProject
Global
	GlobalSection(SolutionConfigurationPlatforms) = preSolution
		Debug|Any CPU = Debug|Any CPU
		Release|Any CPU = Release|Any CPU
	EndGlobalSection
	GlobalSection(ProjectConfigurationPlatforms) = postSolution
		{72487D1B-49B5-4271-B789-DA2E5A5164FC}.Debug|Any CPU.ActiveCfg = Debug|Any CPU
		{72487D1B-49B5-4271-B789-DA2E5A5164FC}.Debug|Any CPU.Build.0 = Debug|Any CPU
		{72487D1B-49B5-4271-B789-DA2E5A5164FC}.Release|Any CPU.ActiveCfg = Release|Any CPU
		{72487D1B-49B5-4271-B789-DA2E5A5164FC}.Release|Any CPU.Build.0 = Release|Any CPU
	EndGlobalSection
	GlobalSection(SolutionProperties) = preSolution
		HideSolutionNode = FALSE
	EndGlobalSection
	GlobalSection(ExtensibilityGlobals) = postSolution
		SolutionGuid = {2B7DFD02-EC6B-4112-AFA9-ADE4F7D8271B}
	EndGlobalSection
EndGlobal
